// !$*UTF8*$!
{
	archiveVersion = 1;
	classes = {
	};
	objectVersion = 46;
	objects = {

/* Begin PBXBuildFile section */
		070562751EA2EBE6006E74D4 /* MastodonSwift-iOS.h in Headers */ = {isa = PBXBuildFile; fileRef = 070562731EA2EBE6006E74D4 /* MastodonSwift-iOS.h */; settings = {ATTRIBUTES = (Public, ); }; };
		075822F81EA2EEB400C6625C /* AccessToken.swift in Sources */ = {isa = PBXBuildFile; fileRef = 0712B1771E9CBF0400E5AEBC /* AccessToken.swift */; };
		075822F91EA2EEB400C6625C /* Account.swift in Sources */ = {isa = PBXBuildFile; fileRef = 0712B1781E9CBF0400E5AEBC /* Account.swift */; };
		075822FA1EA2EEB400C6625C /* App.swift in Sources */ = {isa = PBXBuildFile; fileRef = 0712B1791E9CBF0400E5AEBC /* App.swift */; };
		075822FB1EA2EEB400C6625C /* Application.swift in Sources */ = {isa = PBXBuildFile; fileRef = 0712B17A1E9CBF0400E5AEBC /* Application.swift */; };
		075822FC1EA2EEB400C6625C /* Attachment.swift in Sources */ = {isa = PBXBuildFile; fileRef = 0712B17B1E9CBF0400E5AEBC /* Attachment.swift */; };
		075822FD1EA2EEB400C6625C /* Card.swift in Sources */ = {isa = PBXBuildFile; fileRef = 0712B17C1E9CBF0400E5AEBC /* Card.swift */; };
		075822FE1EA2EEB400C6625C /* Context.swift in Sources */ = {isa = PBXBuildFile; fileRef = 0712B17D1E9CBF0400E5AEBC /* Context.swift */; };
		075822FF1EA2EEB400C6625C /* Error.swift in Sources */ = {isa = PBXBuildFile; fileRef = 0712B17E1E9CBF0400E5AEBC /* Error.swift */; };
		075823001EA2EEB400C6625C /* Instance.swift in Sources */ = {isa = PBXBuildFile; fileRef = 0712B17F1E9CBF0400E5AEBC /* Instance.swift */; };
		075823011EA2EEB400C6625C /* Mention.swift in Sources */ = {isa = PBXBuildFile; fileRef = 0712B1801E9CBF0400E5AEBC /* Mention.swift */; };
		075823021EA2EEB400C6625C /* Notification.swift in Sources */ = {isa = PBXBuildFile; fileRef = 0712B1811E9CBF0400E5AEBC /* Notification.swift */; };
		075823031EA2EEB400C6625C /* Relationship.swift in Sources */ = {isa = PBXBuildFile; fileRef = 0712B1821E9CBF0400E5AEBC /* Relationship.swift */; };
		075823041EA2EEB400C6625C /* Report.swift in Sources */ = {isa = PBXBuildFile; fileRef = 0712B1831E9CBF0400E5AEBC /* Report.swift */; };
		075823051EA2EEB400C6625C /* Result.swift in Sources */ = {isa = PBXBuildFile; fileRef = 0712B1841E9CBF0400E5AEBC /* Result.swift */; };
		075823061EA2EEB400C6625C /* Status.swift in Sources */ = {isa = PBXBuildFile; fileRef = 0712B1851E9CBF0400E5AEBC /* Status.swift */; };
		075823071EA2EEB400C6625C /* Tag.swift in Sources */ = {isa = PBXBuildFile; fileRef = 0712B1861E9CBF0400E5AEBC /* Tag.swift */; };
		075823081EA2EEB400C6625C /* String+AsURL.swift in Sources */ = {isa = PBXBuildFile; fileRef = 0712B1881E9CBF0400E5AEBC /* String+AsURL.swift */; };
		075823091EA2EEB400C6625C /* URL+OptionalString.swift in Sources */ = {isa = PBXBuildFile; fileRef = 0712B1891E9CBF0400E5AEBC /* URL+OptionalString.swift */; };
		0758230A1EA2EEB400C6625C /* MastodonClient.swift in Sources */ = {isa = PBXBuildFile; fileRef = 0712B18A1E9CBF0400E5AEBC /* MastodonClient.swift */; };
		0758230B1EA2EEB400C6625C /* Settings.swift in Sources */ = {isa = PBXBuildFile; fileRef = 0712B18B1E9CBF0400E5AEBC /* Settings.swift */; };
		0758230C1EA2EEB400C6625C /* Accounts.swift in Sources */ = {isa = PBXBuildFile; fileRef = 0712B18D1E9CBF0400E5AEBC /* Accounts.swift */; };
		0758230D1EA2EEB400C6625C /* Apps.swift in Sources */ = {isa = PBXBuildFile; fileRef = 0712B18E1E9CBF0400E5AEBC /* Apps.swift */; };
		0758230E1EA2EEB400C6625C /* Blocks.swift in Sources */ = {isa = PBXBuildFile; fileRef = 0712B18F1E9CBF0400E5AEBC /* Blocks.swift */; };
		0758230F1EA2EEB400C6625C /* Favourites.swift in Sources */ = {isa = PBXBuildFile; fileRef = 0712B1901E9CBF0400E5AEBC /* Favourites.swift */; };
		075823101EA2EEB400C6625C /* FollowRequests.swift in Sources */ = {isa = PBXBuildFile; fileRef = 0712B1911E9CBF0400E5AEBC /* FollowRequests.swift */; };
		075823111EA2EEB400C6625C /* Follows.swift in Sources */ = {isa = PBXBuildFile; fileRef = 0712B1921E9CBF0400E5AEBC /* Follows.swift */; };
		075823121EA2EEB400C6625C /* Instances.swift in Sources */ = {isa = PBXBuildFile; fileRef = 0712B1931E9CBF0400E5AEBC /* Instances.swift */; };
		075823131EA2EEB400C6625C /* Mastodon.swift in Sources */ = {isa = PBXBuildFile; fileRef = 0712B1941E9CBF0400E5AEBC /* Mastodon.swift */; };
		075823141EA2EEB400C6625C /* Media.swift in Sources */ = {isa = PBXBuildFile; fileRef = 0712B1951E9CBF0400E5AEBC /* Media.swift */; };
		075823151EA2EEB400C6625C /* Mutes.swift in Sources */ = {isa = PBXBuildFile; fileRef = 0712B1961E9CBF0400E5AEBC /* Mutes.swift */; };
		075823161EA2EEB400C6625C /* Notifications.swift in Sources */ = {isa = PBXBuildFile; fileRef = 0712B1971E9CBF0400E5AEBC /* Notifications.swift */; };
		075823171EA2EEB400C6625C /* OAuth.swift in Sources */ = {isa = PBXBuildFile; fileRef = 0712B1981E9CBF0400E5AEBC /* OAuth.swift */; };
		075823181EA2EEB400C6625C /* Reports.swift in Sources */ = {isa = PBXBuildFile; fileRef = 0712B1991E9CBF0400E5AEBC /* Reports.swift */; };
		075823191EA2EEB400C6625C /* Search.swift in Sources */ = {isa = PBXBuildFile; fileRef = 0712B19A1E9CBF0400E5AEBC /* Search.swift */; };
		0758231A1EA2EEB400C6625C /* Statuses.swift in Sources */ = {isa = PBXBuildFile; fileRef = 0712B19B1E9CBF0400E5AEBC /* Statuses.swift */; };
		0758231B1EA2EEB400C6625C /* Timelines.swift in Sources */ = {isa = PBXBuildFile; fileRef = 0712B19C1E9CBF0400E5AEBC /* Timelines.swift */; };
		2A8CAF702910207C00732D64 /* Primitive+AsString.swift in Sources */ = {isa = PBXBuildFile; fileRef = 2A8CAF6F2910207C00732D64 /* Primitive+AsString.swift */; };
		2A8CAF712910207C00732D64 /* Primitive+AsString.swift in Sources */ = {isa = PBXBuildFile; fileRef = 2A8CAF6F2910207C00732D64 /* Primitive+AsString.swift */; };
		2A933737290FCA6100E855CC /* TargetType.swift in Sources */ = {isa = PBXBuildFile; fileRef = 2A933736290FCA6100E855CC /* TargetType.swift */; };
		2A933738290FCA6100E855CC /* TargetType.swift in Sources */ = {isa = PBXBuildFile; fileRef = 2A933736290FCA6100E855CC /* TargetType.swift */; };
		2A9CA5DC29100E1F00D7FB3D /* MultipartFormData.swift in Sources */ = {isa = PBXBuildFile; fileRef = 2A9CA5DB29100E1F00D7FB3D /* MultipartFormData.swift */; };
		2A9CA5DD29100E1F00D7FB3D /* MultipartFormData.swift in Sources */ = {isa = PBXBuildFile; fileRef = 2A9CA5DB29100E1F00D7FB3D /* MultipartFormData.swift */; };
		B350360F1EA8C76400E59E15 /* EndpointOperator.swift in Sources */ = {isa = PBXBuildFile; fileRef = B350360E1EA8C76400E59E15 /* EndpointOperator.swift */; };
		B35036101EA8C76400E59E15 /* EndpointOperator.swift in Sources */ = {isa = PBXBuildFile; fileRef = B350360E1EA8C76400E59E15 /* EndpointOperator.swift */; };
		E90E61B01EA16BC900E2DC19 /* AccessToken.swift in Sources */ = {isa = PBXBuildFile; fileRef = 0712B1771E9CBF0400E5AEBC /* AccessToken.swift */; };
		E90E61B11EA16BC900E2DC19 /* Account.swift in Sources */ = {isa = PBXBuildFile; fileRef = 0712B1781E9CBF0400E5AEBC /* Account.swift */; };
		E90E61B21EA16BC900E2DC19 /* App.swift in Sources */ = {isa = PBXBuildFile; fileRef = 0712B1791E9CBF0400E5AEBC /* App.swift */; };
		E90E61B31EA16BC900E2DC19 /* Application.swift in Sources */ = {isa = PBXBuildFile; fileRef = 0712B17A1E9CBF0400E5AEBC /* Application.swift */; };
		E90E61B41EA16BC900E2DC19 /* Attachment.swift in Sources */ = {isa = PBXBuildFile; fileRef = 0712B17B1E9CBF0400E5AEBC /* Attachment.swift */; };
		E90E61B51EA16BC900E2DC19 /* Card.swift in Sources */ = {isa = PBXBuildFile; fileRef = 0712B17C1E9CBF0400E5AEBC /* Card.swift */; };
		E90E61B61EA16BC900E2DC19 /* Context.swift in Sources */ = {isa = PBXBuildFile; fileRef = 0712B17D1E9CBF0400E5AEBC /* Context.swift */; };
		E90E61B71EA16BC900E2DC19 /* Error.swift in Sources */ = {isa = PBXBuildFile; fileRef = 0712B17E1E9CBF0400E5AEBC /* Error.swift */; };
		E90E61B81EA16BC900E2DC19 /* Instance.swift in Sources */ = {isa = PBXBuildFile; fileRef = 0712B17F1E9CBF0400E5AEBC /* Instance.swift */; };
		E90E61B91EA16BC900E2DC19 /* Mention.swift in Sources */ = {isa = PBXBuildFile; fileRef = 0712B1801E9CBF0400E5AEBC /* Mention.swift */; };
		E90E61BA1EA16BC900E2DC19 /* Notification.swift in Sources */ = {isa = PBXBuildFile; fileRef = 0712B1811E9CBF0400E5AEBC /* Notification.swift */; };
		E90E61BB1EA16BC900E2DC19 /* Relationship.swift in Sources */ = {isa = PBXBuildFile; fileRef = 0712B1821E9CBF0400E5AEBC /* Relationship.swift */; };
		E90E61BC1EA16BC900E2DC19 /* Report.swift in Sources */ = {isa = PBXBuildFile; fileRef = 0712B1831E9CBF0400E5AEBC /* Report.swift */; };
		E90E61BD1EA16BC900E2DC19 /* Result.swift in Sources */ = {isa = PBXBuildFile; fileRef = 0712B1841E9CBF0400E5AEBC /* Result.swift */; };
		E90E61BE1EA16BC900E2DC19 /* Status.swift in Sources */ = {isa = PBXBuildFile; fileRef = 0712B1851E9CBF0400E5AEBC /* Status.swift */; };
		E90E61BF1EA16BC900E2DC19 /* Tag.swift in Sources */ = {isa = PBXBuildFile; fileRef = 0712B1861E9CBF0400E5AEBC /* Tag.swift */; };
		E90E61C01EA16BC900E2DC19 /* String+AsURL.swift in Sources */ = {isa = PBXBuildFile; fileRef = 0712B1881E9CBF0400E5AEBC /* String+AsURL.swift */; };
		E90E61C11EA16BC900E2DC19 /* URL+OptionalString.swift in Sources */ = {isa = PBXBuildFile; fileRef = 0712B1891E9CBF0400E5AEBC /* URL+OptionalString.swift */; };
		E90E61C21EA16BC900E2DC19 /* MastodonClient.swift in Sources */ = {isa = PBXBuildFile; fileRef = 0712B18A1E9CBF0400E5AEBC /* MastodonClient.swift */; };
		E90E61C31EA16BC900E2DC19 /* Settings.swift in Sources */ = {isa = PBXBuildFile; fileRef = 0712B18B1E9CBF0400E5AEBC /* Settings.swift */; };
		E90E61C41EA16BC900E2DC19 /* Accounts.swift in Sources */ = {isa = PBXBuildFile; fileRef = 0712B18D1E9CBF0400E5AEBC /* Accounts.swift */; };
		E90E61C51EA16BC900E2DC19 /* Apps.swift in Sources */ = {isa = PBXBuildFile; fileRef = 0712B18E1E9CBF0400E5AEBC /* Apps.swift */; };
		E90E61C61EA16BC900E2DC19 /* Blocks.swift in Sources */ = {isa = PBXBuildFile; fileRef = 0712B18F1E9CBF0400E5AEBC /* Blocks.swift */; };
		E90E61C71EA16BC900E2DC19 /* Favourites.swift in Sources */ = {isa = PBXBuildFile; fileRef = 0712B1901E9CBF0400E5AEBC /* Favourites.swift */; };
		E90E61C81EA16BC900E2DC19 /* FollowRequests.swift in Sources */ = {isa = PBXBuildFile; fileRef = 0712B1911E9CBF0400E5AEBC /* FollowRequests.swift */; };
		E90E61C91EA16BC900E2DC19 /* Follows.swift in Sources */ = {isa = PBXBuildFile; fileRef = 0712B1921E9CBF0400E5AEBC /* Follows.swift */; };
		E90E61CA1EA16BC900E2DC19 /* Instances.swift in Sources */ = {isa = PBXBuildFile; fileRef = 0712B1931E9CBF0400E5AEBC /* Instances.swift */; };
		E90E61CB1EA16BC900E2DC19 /* Mastodon.swift in Sources */ = {isa = PBXBuildFile; fileRef = 0712B1941E9CBF0400E5AEBC /* Mastodon.swift */; };
		E90E61CC1EA16BC900E2DC19 /* Media.swift in Sources */ = {isa = PBXBuildFile; fileRef = 0712B1951E9CBF0400E5AEBC /* Media.swift */; };
		E90E61CD1EA16BC900E2DC19 /* Mutes.swift in Sources */ = {isa = PBXBuildFile; fileRef = 0712B1961E9CBF0400E5AEBC /* Mutes.swift */; };
		E90E61CE1EA16BC900E2DC19 /* Notifications.swift in Sources */ = {isa = PBXBuildFile; fileRef = 0712B1971E9CBF0400E5AEBC /* Notifications.swift */; };
		E90E61CF1EA16BC900E2DC19 /* OAuth.swift in Sources */ = {isa = PBXBuildFile; fileRef = 0712B1981E9CBF0400E5AEBC /* OAuth.swift */; };
		E90E61D01EA16BC900E2DC19 /* Reports.swift in Sources */ = {isa = PBXBuildFile; fileRef = 0712B1991E9CBF0400E5AEBC /* Reports.swift */; };
		E90E61D11EA16BC900E2DC19 /* Search.swift in Sources */ = {isa = PBXBuildFile; fileRef = 0712B19A1E9CBF0400E5AEBC /* Search.swift */; };
		E90E61D21EA16BC900E2DC19 /* Statuses.swift in Sources */ = {isa = PBXBuildFile; fileRef = 0712B19B1E9CBF0400E5AEBC /* Statuses.swift */; };
		E90E61D31EA16BC900E2DC19 /* Timelines.swift in Sources */ = {isa = PBXBuildFile; fileRef = 0712B19C1E9CBF0400E5AEBC /* Timelines.swift */; };
		E90E61E81EA16D5C00E2DC19 /* MastodonSwift-macOS.h in Headers */ = {isa = PBXBuildFile; fileRef = E90E61E71EA16D5C00E2DC19 /* MastodonSwift-macOS.h */; settings = {ATTRIBUTES = (Public, ); }; };
		OBJ_27 /* MastodonSwiftTests.swift in Sources */ = {isa = PBXBuildFile; fileRef = OBJ_11 /* MastodonSwiftTests.swift */; };
/* End PBXBuildFile section */

/* Begin PBXFileReference section */
		070562711EA2EBE6006E74D4 /* MastodonSwift.framework */ = {isa = PBXFileReference; explicitFileType = wrapper.framework; includeInIndex = 0; path = MastodonSwift.framework; sourceTree = BUILT_PRODUCTS_DIR; };
		070562731EA2EBE6006E74D4 /* MastodonSwift-iOS.h */ = {isa = PBXFileReference; lastKnownFileType = sourcecode.c.h; path = "MastodonSwift-iOS.h"; sourceTree = "<group>"; };
		070562741EA2EBE6006E74D4 /* Info.plist */ = {isa = PBXFileReference; lastKnownFileType = text.plist.xml; path = Info.plist; sourceTree = "<group>"; };
		0712B1771E9CBF0400E5AEBC /* AccessToken.swift */ = {isa = PBXFileReference; fileEncoding = 4; lastKnownFileType = sourcecode.swift; path = AccessToken.swift; sourceTree = "<group>"; };
		0712B1781E9CBF0400E5AEBC /* Account.swift */ = {isa = PBXFileReference; fileEncoding = 4; lastKnownFileType = sourcecode.swift; path = Account.swift; sourceTree = "<group>"; };
		0712B1791E9CBF0400E5AEBC /* App.swift */ = {isa = PBXFileReference; fileEncoding = 4; lastKnownFileType = sourcecode.swift; path = App.swift; sourceTree = "<group>"; };
		0712B17A1E9CBF0400E5AEBC /* Application.swift */ = {isa = PBXFileReference; fileEncoding = 4; lastKnownFileType = sourcecode.swift; path = Application.swift; sourceTree = "<group>"; };
		0712B17B1E9CBF0400E5AEBC /* Attachment.swift */ = {isa = PBXFileReference; fileEncoding = 4; lastKnownFileType = sourcecode.swift; path = Attachment.swift; sourceTree = "<group>"; };
		0712B17C1E9CBF0400E5AEBC /* Card.swift */ = {isa = PBXFileReference; fileEncoding = 4; lastKnownFileType = sourcecode.swift; path = Card.swift; sourceTree = "<group>"; };
		0712B17D1E9CBF0400E5AEBC /* Context.swift */ = {isa = PBXFileReference; fileEncoding = 4; lastKnownFileType = sourcecode.swift; path = Context.swift; sourceTree = "<group>"; };
		0712B17E1E9CBF0400E5AEBC /* Error.swift */ = {isa = PBXFileReference; fileEncoding = 4; lastKnownFileType = sourcecode.swift; path = Error.swift; sourceTree = "<group>"; };
		0712B17F1E9CBF0400E5AEBC /* Instance.swift */ = {isa = PBXFileReference; fileEncoding = 4; lastKnownFileType = sourcecode.swift; path = Instance.swift; sourceTree = "<group>"; };
		0712B1801E9CBF0400E5AEBC /* Mention.swift */ = {isa = PBXFileReference; fileEncoding = 4; lastKnownFileType = sourcecode.swift; path = Mention.swift; sourceTree = "<group>"; };
		0712B1811E9CBF0400E5AEBC /* Notification.swift */ = {isa = PBXFileReference; fileEncoding = 4; lastKnownFileType = sourcecode.swift; path = Notification.swift; sourceTree = "<group>"; };
		0712B1821E9CBF0400E5AEBC /* Relationship.swift */ = {isa = PBXFileReference; fileEncoding = 4; lastKnownFileType = sourcecode.swift; path = Relationship.swift; sourceTree = "<group>"; };
		0712B1831E9CBF0400E5AEBC /* Report.swift */ = {isa = PBXFileReference; fileEncoding = 4; lastKnownFileType = sourcecode.swift; path = Report.swift; sourceTree = "<group>"; };
		0712B1841E9CBF0400E5AEBC /* Result.swift */ = {isa = PBXFileReference; fileEncoding = 4; lastKnownFileType = sourcecode.swift; path = Result.swift; sourceTree = "<group>"; };
		0712B1851E9CBF0400E5AEBC /* Status.swift */ = {isa = PBXFileReference; fileEncoding = 4; lastKnownFileType = sourcecode.swift; path = Status.swift; sourceTree = "<group>"; };
		0712B1861E9CBF0400E5AEBC /* Tag.swift */ = {isa = PBXFileReference; fileEncoding = 4; lastKnownFileType = sourcecode.swift; path = Tag.swift; sourceTree = "<group>"; };
		0712B1881E9CBF0400E5AEBC /* String+AsURL.swift */ = {isa = PBXFileReference; fileEncoding = 4; lastKnownFileType = sourcecode.swift; path = "String+AsURL.swift"; sourceTree = "<group>"; };
		0712B1891E9CBF0400E5AEBC /* URL+OptionalString.swift */ = {isa = PBXFileReference; fileEncoding = 4; lastKnownFileType = sourcecode.swift; path = "URL+OptionalString.swift"; sourceTree = "<group>"; };
		0712B18A1E9CBF0400E5AEBC /* MastodonClient.swift */ = {isa = PBXFileReference; fileEncoding = 4; lastKnownFileType = sourcecode.swift; path = MastodonClient.swift; sourceTree = "<group>"; };
		0712B18B1E9CBF0400E5AEBC /* Settings.swift */ = {isa = PBXFileReference; fileEncoding = 4; lastKnownFileType = sourcecode.swift; path = Settings.swift; sourceTree = "<group>"; };
		0712B18D1E9CBF0400E5AEBC /* Accounts.swift */ = {isa = PBXFileReference; fileEncoding = 4; lastKnownFileType = sourcecode.swift; path = Accounts.swift; sourceTree = "<group>"; };
		0712B18E1E9CBF0400E5AEBC /* Apps.swift */ = {isa = PBXFileReference; fileEncoding = 4; lastKnownFileType = sourcecode.swift; path = Apps.swift; sourceTree = "<group>"; };
		0712B18F1E9CBF0400E5AEBC /* Blocks.swift */ = {isa = PBXFileReference; fileEncoding = 4; lastKnownFileType = sourcecode.swift; path = Blocks.swift; sourceTree = "<group>"; };
		0712B1901E9CBF0400E5AEBC /* Favourites.swift */ = {isa = PBXFileReference; fileEncoding = 4; lastKnownFileType = sourcecode.swift; path = Favourites.swift; sourceTree = "<group>"; };
		0712B1911E9CBF0400E5AEBC /* FollowRequests.swift */ = {isa = PBXFileReference; fileEncoding = 4; lastKnownFileType = sourcecode.swift; path = FollowRequests.swift; sourceTree = "<group>"; };
		0712B1921E9CBF0400E5AEBC /* Follows.swift */ = {isa = PBXFileReference; fileEncoding = 4; lastKnownFileType = sourcecode.swift; path = Follows.swift; sourceTree = "<group>"; };
		0712B1931E9CBF0400E5AEBC /* Instances.swift */ = {isa = PBXFileReference; fileEncoding = 4; lastKnownFileType = sourcecode.swift; path = Instances.swift; sourceTree = "<group>"; };
		0712B1941E9CBF0400E5AEBC /* Mastodon.swift */ = {isa = PBXFileReference; fileEncoding = 4; lastKnownFileType = sourcecode.swift; path = Mastodon.swift; sourceTree = "<group>"; };
		0712B1951E9CBF0400E5AEBC /* Media.swift */ = {isa = PBXFileReference; fileEncoding = 4; lastKnownFileType = sourcecode.swift; path = Media.swift; sourceTree = "<group>"; };
		0712B1961E9CBF0400E5AEBC /* Mutes.swift */ = {isa = PBXFileReference; fileEncoding = 4; lastKnownFileType = sourcecode.swift; path = Mutes.swift; sourceTree = "<group>"; };
		0712B1971E9CBF0400E5AEBC /* Notifications.swift */ = {isa = PBXFileReference; fileEncoding = 4; lastKnownFileType = sourcecode.swift; path = Notifications.swift; sourceTree = "<group>"; };
		0712B1981E9CBF0400E5AEBC /* OAuth.swift */ = {isa = PBXFileReference; fileEncoding = 4; lastKnownFileType = sourcecode.swift; path = OAuth.swift; sourceTree = "<group>"; };
		0712B1991E9CBF0400E5AEBC /* Reports.swift */ = {isa = PBXFileReference; fileEncoding = 4; lastKnownFileType = sourcecode.swift; path = Reports.swift; sourceTree = "<group>"; };
		0712B19A1E9CBF0400E5AEBC /* Search.swift */ = {isa = PBXFileReference; fileEncoding = 4; lastKnownFileType = sourcecode.swift; path = Search.swift; sourceTree = "<group>"; };
		0712B19B1E9CBF0400E5AEBC /* Statuses.swift */ = {isa = PBXFileReference; fileEncoding = 4; lastKnownFileType = sourcecode.swift; path = Statuses.swift; sourceTree = "<group>"; };
		0712B19C1E9CBF0400E5AEBC /* Timelines.swift */ = {isa = PBXFileReference; fileEncoding = 4; lastKnownFileType = sourcecode.swift; path = Timelines.swift; sourceTree = "<group>"; };
		077037951EA0B24800AF238B /* Alamofire.framework */ = {isa = PBXFileReference; lastKnownFileType = wrapper.framework; name = Alamofire.framework; path = Carthage/Build/Mac/Alamofire.framework; sourceTree = "<group>"; };
		077037961EA0B24800AF238B /* Gloss.framework */ = {isa = PBXFileReference; lastKnownFileType = wrapper.framework; name = Gloss.framework; path = Carthage/Build/Mac/Gloss.framework; sourceTree = "<group>"; };
		077037971EA0B24800AF238B /* Moya.framework */ = {isa = PBXFileReference; lastKnownFileType = wrapper.framework; name = Moya.framework; path = Carthage/Build/Mac/Moya.framework; sourceTree = "<group>"; };
		077037981EA0B24800AF238B /* ReactiveCocoa.framework */ = {isa = PBXFileReference; lastKnownFileType = wrapper.framework; name = ReactiveCocoa.framework; path = Carthage/Build/Mac/ReactiveCocoa.framework; sourceTree = "<group>"; };
		077037991EA0B24800AF238B /* ReactiveMoya.framework */ = {isa = PBXFileReference; lastKnownFileType = wrapper.framework; name = ReactiveMoya.framework; path = Carthage/Build/Mac/ReactiveMoya.framework; sourceTree = "<group>"; };
		0770379A1EA0B24800AF238B /* ReactiveSwift.framework */ = {isa = PBXFileReference; lastKnownFileType = wrapper.framework; name = ReactiveSwift.framework; path = Carthage/Build/Mac/ReactiveSwift.framework; sourceTree = "<group>"; };
		0770379B1EA0B24800AF238B /* Result.framework */ = {isa = PBXFileReference; lastKnownFileType = wrapper.framework; name = Result.framework; path = Carthage/Build/Mac/Result.framework; sourceTree = "<group>"; };
		0770379C1EA0B24800AF238B /* RxBlocking.framework */ = {isa = PBXFileReference; lastKnownFileType = wrapper.framework; name = RxBlocking.framework; path = Carthage/Build/Mac/RxBlocking.framework; sourceTree = "<group>"; };
		0770379D1EA0B24800AF238B /* RxCocoa.framework */ = {isa = PBXFileReference; lastKnownFileType = wrapper.framework; name = RxCocoa.framework; path = Carthage/Build/Mac/RxCocoa.framework; sourceTree = "<group>"; };
		0770379E1EA0B24800AF238B /* RxMoya.framework */ = {isa = PBXFileReference; lastKnownFileType = wrapper.framework; name = RxMoya.framework; path = Carthage/Build/Mac/RxMoya.framework; sourceTree = "<group>"; };
		0770379F1EA0B24800AF238B /* RxSwift.framework */ = {isa = PBXFileReference; lastKnownFileType = wrapper.framework; name = RxSwift.framework; path = Carthage/Build/Mac/RxSwift.framework; sourceTree = "<group>"; };
		077037AC1EA0B28C00AF238B /* Alamofire.framework */ = {isa = PBXFileReference; lastKnownFileType = wrapper.framework; name = Alamofire.framework; path = Carthage/Build/iOS/Alamofire.framework; sourceTree = "<group>"; };
		077037AD1EA0B28C00AF238B /* Gloss.framework */ = {isa = PBXFileReference; lastKnownFileType = wrapper.framework; name = Gloss.framework; path = Carthage/Build/iOS/Gloss.framework; sourceTree = "<group>"; };
		077037AE1EA0B28C00AF238B /* Moya.framework */ = {isa = PBXFileReference; lastKnownFileType = wrapper.framework; name = Moya.framework; path = Carthage/Build/iOS/Moya.framework; sourceTree = "<group>"; };
		077037AF1EA0B28C00AF238B /* MoyaGloss.framework */ = {isa = PBXFileReference; lastKnownFileType = wrapper.framework; name = MoyaGloss.framework; path = Carthage/Build/iOS/MoyaGloss.framework; sourceTree = "<group>"; };
		077037B01EA0B28C00AF238B /* ReactiveCocoa.framework */ = {isa = PBXFileReference; lastKnownFileType = wrapper.framework; name = ReactiveCocoa.framework; path = Carthage/Build/iOS/ReactiveCocoa.framework; sourceTree = "<group>"; };
		077037B11EA0B28C00AF238B /* ReactiveMoya.framework */ = {isa = PBXFileReference; lastKnownFileType = wrapper.framework; name = ReactiveMoya.framework; path = Carthage/Build/iOS/ReactiveMoya.framework; sourceTree = "<group>"; };
		077037B21EA0B28C00AF238B /* ReactiveMoyaGloss.framework */ = {isa = PBXFileReference; lastKnownFileType = wrapper.framework; name = ReactiveMoyaGloss.framework; path = Carthage/Build/iOS/ReactiveMoyaGloss.framework; sourceTree = "<group>"; };
		077037B31EA0B28C00AF238B /* ReactiveSwift.framework */ = {isa = PBXFileReference; lastKnownFileType = wrapper.framework; name = ReactiveSwift.framework; path = Carthage/Build/iOS/ReactiveSwift.framework; sourceTree = "<group>"; };
		077037B41EA0B28C00AF238B /* Result.framework */ = {isa = PBXFileReference; lastKnownFileType = wrapper.framework; name = Result.framework; path = Carthage/Build/iOS/Result.framework; sourceTree = "<group>"; };
		077037B51EA0B28C00AF238B /* RxBlocking.framework */ = {isa = PBXFileReference; lastKnownFileType = wrapper.framework; name = RxBlocking.framework; path = Carthage/Build/iOS/RxBlocking.framework; sourceTree = "<group>"; };
		077037B61EA0B28C00AF238B /* RxCocoa.framework */ = {isa = PBXFileReference; lastKnownFileType = wrapper.framework; name = RxCocoa.framework; path = Carthage/Build/iOS/RxCocoa.framework; sourceTree = "<group>"; };
		077037B71EA0B28C00AF238B /* RxMoya.framework */ = {isa = PBXFileReference; lastKnownFileType = wrapper.framework; name = RxMoya.framework; path = Carthage/Build/iOS/RxMoya.framework; sourceTree = "<group>"; };
		077037B81EA0B28C00AF238B /* RxMoyaGloss.framework */ = {isa = PBXFileReference; lastKnownFileType = wrapper.framework; name = RxMoyaGloss.framework; path = Carthage/Build/iOS/RxMoyaGloss.framework; sourceTree = "<group>"; };
		077037B91EA0B28C00AF238B /* RxSwift.framework */ = {isa = PBXFileReference; lastKnownFileType = wrapper.framework; name = RxSwift.framework; path = Carthage/Build/iOS/RxSwift.framework; sourceTree = "<group>"; };
		2A8CAF6F2910207C00732D64 /* Primitive+AsString.swift */ = {isa = PBXFileReference; lastKnownFileType = sourcecode.swift; path = "Primitive+AsString.swift"; sourceTree = "<group>"; };
		2A933736290FCA6100E855CC /* TargetType.swift */ = {isa = PBXFileReference; lastKnownFileType = sourcecode.swift; path = TargetType.swift; sourceTree = "<group>"; };
		2A9CA5DB29100E1F00D7FB3D /* MultipartFormData.swift */ = {isa = PBXFileReference; lastKnownFileType = sourcecode.swift; path = MultipartFormData.swift; sourceTree = "<group>"; };
		B350360E1EA8C76400E59E15 /* EndpointOperator.swift */ = {isa = PBXFileReference; fileEncoding = 4; lastKnownFileType = sourcecode.swift; path = EndpointOperator.swift; sourceTree = "<group>"; };
		E90E61471EA150A800E2DC19 /* RxTest.framework */ = {isa = PBXFileReference; lastKnownFileType = wrapper.framework; name = RxTest.framework; path = Carthage/Build/Mac/RxTest.framework; sourceTree = "<group>"; };
		E90E619D1EA168AE00E2DC19 /* MoyaGloss.framework */ = {isa = PBXFileReference; lastKnownFileType = wrapper.framework; name = MoyaGloss.framework; path = Carthage/Build/Mac/MoyaGloss.framework; sourceTree = "<group>"; };
		E90E619E1EA168AE00E2DC19 /* ReactiveMoyaGloss.framework */ = {isa = PBXFileReference; lastKnownFileType = wrapper.framework; name = ReactiveMoyaGloss.framework; path = Carthage/Build/Mac/ReactiveMoyaGloss.framework; sourceTree = "<group>"; };
		E90E619F1EA168AE00E2DC19 /* RxMoyaGloss.framework */ = {isa = PBXFileReference; lastKnownFileType = wrapper.framework; name = RxMoyaGloss.framework; path = Carthage/Build/Mac/RxMoyaGloss.framework; sourceTree = "<group>"; };
		E90E61A81EA16B3300E2DC19 /* MastodonSwift.framework */ = {isa = PBXFileReference; explicitFileType = wrapper.framework; includeInIndex = 0; path = MastodonSwift.framework; sourceTree = BUILT_PRODUCTS_DIR; };
		E90E61E41EA16C9A00E2DC19 /* Info.plist */ = {isa = PBXFileReference; fileEncoding = 4; lastKnownFileType = text.plist.xml; path = Info.plist; sourceTree = "<group>"; };
		E90E61E71EA16D5C00E2DC19 /* MastodonSwift-macOS.h */ = {isa = PBXFileReference; fileEncoding = 4; lastKnownFileType = sourcecode.c.h; path = "MastodonSwift-macOS.h"; sourceTree = "<group>"; };
		OBJ_11 /* MastodonSwiftTests.swift */ = {isa = PBXFileReference; lastKnownFileType = sourcecode.swift; path = MastodonSwiftTests.swift; sourceTree = "<group>"; };
		OBJ_14 /* MastodonSwift.xctest */ = {isa = PBXFileReference; explicitFileType = wrapper.cfbundle; path = MastodonSwift.xctest; sourceTree = BUILT_PRODUCTS_DIR; };
		OBJ_6 /* Package.swift */ = {isa = PBXFileReference; explicitFileType = sourcecode.swift; path = Package.swift; sourceTree = "<group>"; };
/* End PBXFileReference section */

/* Begin PBXFrameworksBuildPhase section */
		0705626D1EA2EBE6006E74D4 /* Frameworks */ = {
			isa = PBXFrameworksBuildPhase;
			buildActionMask = 2147483647;
			files = (
			);
			runOnlyForDeploymentPostprocessing = 0;
		};
		E90E61A41EA16B3300E2DC19 /* Frameworks */ = {
			isa = PBXFrameworksBuildPhase;
			buildActionMask = 2147483647;
			files = (
			);
			runOnlyForDeploymentPostprocessing = 0;
		};
		OBJ_28 /* Frameworks */ = {
			isa = PBXFrameworksBuildPhase;
			buildActionMask = 0;
			files = (
			);
			runOnlyForDeploymentPostprocessing = 0;
		};
/* End PBXFrameworksBuildPhase section */

/* Begin PBXGroup section */
		070562721EA2EBE6006E74D4 /* MastodonSwift-iOS */ = {
			isa = PBXGroup;
			children = (
				070562731EA2EBE6006E74D4 /* MastodonSwift-iOS.h */,
				070562741EA2EBE6006E74D4 /* Info.plist */,
			);
			path = "MastodonSwift-iOS";
			sourceTree = "<group>";
		};
		0712B1761E9CBF0400E5AEBC /* Entities */ = {
			isa = PBXGroup;
			children = (
				0712B1771E9CBF0400E5AEBC /* AccessToken.swift */,
				0712B1781E9CBF0400E5AEBC /* Account.swift */,
				0712B1791E9CBF0400E5AEBC /* App.swift */,
				0712B17A1E9CBF0400E5AEBC /* Application.swift */,
				0712B17B1E9CBF0400E5AEBC /* Attachment.swift */,
				0712B17C1E9CBF0400E5AEBC /* Card.swift */,
				0712B17D1E9CBF0400E5AEBC /* Context.swift */,
				0712B17E1E9CBF0400E5AEBC /* Error.swift */,
				0712B17F1E9CBF0400E5AEBC /* Instance.swift */,
				0712B1801E9CBF0400E5AEBC /* Mention.swift */,
				0712B1811E9CBF0400E5AEBC /* Notification.swift */,
				0712B1821E9CBF0400E5AEBC /* Relationship.swift */,
				0712B1831E9CBF0400E5AEBC /* Report.swift */,
				0712B1841E9CBF0400E5AEBC /* Result.swift */,
				0712B1851E9CBF0400E5AEBC /* Status.swift */,
				0712B1861E9CBF0400E5AEBC /* Tag.swift */,
			);
			path = Entities;
			sourceTree = "<group>";
		};
		0712B1871E9CBF0400E5AEBC /* Extensions */ = {
			isa = PBXGroup;
			children = (
				0712B1881E9CBF0400E5AEBC /* String+AsURL.swift */,
				0712B1891E9CBF0400E5AEBC /* URL+OptionalString.swift */,
				2A8CAF6F2910207C00732D64 /* Primitive+AsString.swift */,
			);
			path = Extensions;
			sourceTree = "<group>";
		};
		0712B18C1E9CBF0400E5AEBC /* Targets */ = {
			isa = PBXGroup;
			children = (
				0712B18D1E9CBF0400E5AEBC /* Accounts.swift */,
				0712B18E1E9CBF0400E5AEBC /* Apps.swift */,
				0712B18F1E9CBF0400E5AEBC /* Blocks.swift */,
				0712B1901E9CBF0400E5AEBC /* Favourites.swift */,
				0712B1911E9CBF0400E5AEBC /* FollowRequests.swift */,
				0712B1921E9CBF0400E5AEBC /* Follows.swift */,
				0712B1931E9CBF0400E5AEBC /* Instances.swift */,
				0712B1941E9CBF0400E5AEBC /* Mastodon.swift */,
				0712B1951E9CBF0400E5AEBC /* Media.swift */,
				0712B1961E9CBF0400E5AEBC /* Mutes.swift */,
				0712B1971E9CBF0400E5AEBC /* Notifications.swift */,
				0712B1981E9CBF0400E5AEBC /* OAuth.swift */,
				0712B1991E9CBF0400E5AEBC /* Reports.swift */,
				0712B19A1E9CBF0400E5AEBC /* Search.swift */,
				0712B19B1E9CBF0400E5AEBC /* Statuses.swift */,
				0712B19C1E9CBF0400E5AEBC /* Timelines.swift */,
			);
			path = Targets;
			sourceTree = "<group>";
		};
		0770373D1EA0ADA500AF238B /* Frameworks */ = {
			isa = PBXGroup;
			children = (
				E90E619D1EA168AE00E2DC19 /* MoyaGloss.framework */,
				E90E619E1EA168AE00E2DC19 /* ReactiveMoyaGloss.framework */,
				E90E619F1EA168AE00E2DC19 /* RxMoyaGloss.framework */,
				E90E61471EA150A800E2DC19 /* RxTest.framework */,
				077037C81EA0B29400AF238B /* iOS */,
				077037AB1EA0B24E00AF238B /* macOS */,
			);
			name = Frameworks;
			sourceTree = "<group>";
		};
		077037AB1EA0B24E00AF238B /* macOS */ = {
			isa = PBXGroup;
			children = (
				077037951EA0B24800AF238B /* Alamofire.framework */,
				077037961EA0B24800AF238B /* Gloss.framework */,
				077037971EA0B24800AF238B /* Moya.framework */,
				077037981EA0B24800AF238B /* ReactiveCocoa.framework */,
				077037991EA0B24800AF238B /* ReactiveMoya.framework */,
				0770379A1EA0B24800AF238B /* ReactiveSwift.framework */,
				0770379B1EA0B24800AF238B /* Result.framework */,
				0770379C1EA0B24800AF238B /* RxBlocking.framework */,
				0770379D1EA0B24800AF238B /* RxCocoa.framework */,
				0770379E1EA0B24800AF238B /* RxMoya.framework */,
				0770379F1EA0B24800AF238B /* RxSwift.framework */,
			);
			name = macOS;
			sourceTree = "<group>";
		};
		077037C81EA0B29400AF238B /* iOS */ = {
			isa = PBXGroup;
			children = (
				077037AC1EA0B28C00AF238B /* Alamofire.framework */,
				077037AD1EA0B28C00AF238B /* Gloss.framework */,
				077037AE1EA0B28C00AF238B /* Moya.framework */,
				077037AF1EA0B28C00AF238B /* MoyaGloss.framework */,
				077037B01EA0B28C00AF238B /* ReactiveCocoa.framework */,
				077037B11EA0B28C00AF238B /* ReactiveMoya.framework */,
				077037B21EA0B28C00AF238B /* ReactiveMoyaGloss.framework */,
				077037B31EA0B28C00AF238B /* ReactiveSwift.framework */,
				077037B41EA0B28C00AF238B /* Result.framework */,
				077037B51EA0B28C00AF238B /* RxBlocking.framework */,
				077037B61EA0B28C00AF238B /* RxCocoa.framework */,
				077037B71EA0B28C00AF238B /* RxMoya.framework */,
				077037B81EA0B28C00AF238B /* RxMoyaGloss.framework */,
				077037B91EA0B28C00AF238B /* RxSwift.framework */,
			);
			name = iOS;
			sourceTree = "<group>";
		};
		2A933735290FCA5400E855CC /* Networking */ = {
			isa = PBXGroup;
			children = (
				2A933736290FCA6100E855CC /* TargetType.swift */,
				2A9CA5DB29100E1F00D7FB3D /* MultipartFormData.swift */,
			);
			path = Networking;
			sourceTree = "<group>";
		};
		E90E61E31EA16C9A00E2DC19 /* MastodonSwift-macOS */ = {
			isa = PBXGroup;
			children = (
				E90E61E71EA16D5C00E2DC19 /* MastodonSwift-macOS.h */,
				E90E61E41EA16C9A00E2DC19 /* Info.plist */,
			);
			path = "MastodonSwift-macOS";
			sourceTree = "<group>";
		};
		OBJ_10 /* MastodonSwiftTests */ = {
			isa = PBXGroup;
			children = (
				OBJ_11 /* MastodonSwiftTests.swift */,
			);
			name = MastodonSwiftTests;
			path = Tests/MastodonSwiftTests;
			sourceTree = SOURCE_ROOT;
		};
		OBJ_12 /* Products */ = {
			isa = PBXGroup;
			children = (
				OBJ_14 /* MastodonSwift.xctest */,
				E90E61A81EA16B3300E2DC19 /* MastodonSwift.framework */,
				070562711EA2EBE6006E74D4 /* MastodonSwift.framework */,
			);
			name = Products;
			sourceTree = BUILT_PRODUCTS_DIR;
		};
		OBJ_5 = {
			isa = PBXGroup;
			children = (
				OBJ_6 /* Package.swift */,
				OBJ_7 /* Sources */,
				E90E61E31EA16C9A00E2DC19 /* MastodonSwift-macOS */,
				070562721EA2EBE6006E74D4 /* MastodonSwift-iOS */,
				OBJ_9 /* Tests */,
				OBJ_12 /* Products */,
				0770373D1EA0ADA500AF238B /* Frameworks */,
			);
			sourceTree = "<group>";
		};
		OBJ_7 /* Sources */ = {
			isa = PBXGroup;
			children = (
				2A933735290FCA5400E855CC /* Networking */,
				0712B1761E9CBF0400E5AEBC /* Entities */,
				0712B1871E9CBF0400E5AEBC /* Extensions */,
				0712B18A1E9CBF0400E5AEBC /* MastodonClient.swift */,
				0712B18B1E9CBF0400E5AEBC /* Settings.swift */,
				B350360E1EA8C76400E59E15 /* EndpointOperator.swift */,
				0712B18C1E9CBF0400E5AEBC /* Targets */,
			);
			path = Sources;
			sourceTree = SOURCE_ROOT;
		};
		OBJ_9 /* Tests */ = {
			isa = PBXGroup;
			children = (
				OBJ_10 /* MastodonSwiftTests */,
			);
			name = Tests;
			sourceTree = SOURCE_ROOT;
		};
/* End PBXGroup section */

/* Begin PBXHeadersBuildPhase section */
		0705626E1EA2EBE6006E74D4 /* Headers */ = {
			isa = PBXHeadersBuildPhase;
			buildActionMask = 2147483647;
			files = (
				070562751EA2EBE6006E74D4 /* MastodonSwift-iOS.h in Headers */,
			);
			runOnlyForDeploymentPostprocessing = 0;
		};
		E90E61A51EA16B3300E2DC19 /* Headers */ = {
			isa = PBXHeadersBuildPhase;
			buildActionMask = 2147483647;
			files = (
				E90E61E81EA16D5C00E2DC19 /* MastodonSwift-macOS.h in Headers */,
			);
			runOnlyForDeploymentPostprocessing = 0;
		};
/* End PBXHeadersBuildPhase section */

/* Begin PBXNativeTarget section */
		070562701EA2EBE6006E74D4 /* MastodonSwift-iOS */ = {
			isa = PBXNativeTarget;
			buildConfigurationList = 070562761EA2EBE6006E74D4 /* Build configuration list for PBXNativeTarget "MastodonSwift-iOS" */;
			buildPhases = (
				0705626C1EA2EBE6006E74D4 /* Sources */,
				0705626D1EA2EBE6006E74D4 /* Frameworks */,
				0705626E1EA2EBE6006E74D4 /* Headers */,
				0705626F1EA2EBE6006E74D4 /* Resources */,
			);
			buildRules = (
			);
			dependencies = (
			);
			name = "MastodonSwift-iOS";
			productName = "MastodonSwift-iOS";
			productReference = 070562711EA2EBE6006E74D4 /* MastodonSwift.framework */;
			productType = "com.apple.product-type.framework";
		};
		E90E61A71EA16B3300E2DC19 /* MastodonSwift-macOS */ = {
			isa = PBXNativeTarget;
			buildConfigurationList = E90E61AD1EA16B3300E2DC19 /* Build configuration list for PBXNativeTarget "MastodonSwift-macOS" */;
			buildPhases = (
				E90E61A31EA16B3300E2DC19 /* Sources */,
				E90E61A41EA16B3300E2DC19 /* Frameworks */,
				E90E61A51EA16B3300E2DC19 /* Headers */,
				E90E61A61EA16B3300E2DC19 /* Resources */,
			);
			buildRules = (
			);
			dependencies = (
			);
			name = "MastodonSwift-macOS";
			productName = "MastodonSwift-macOS";
			productReference = E90E61A81EA16B3300E2DC19 /* MastodonSwift.framework */;
			productType = "com.apple.product-type.framework";
		};
		OBJ_22 /* MastodonSwiftTests */ = {
			isa = PBXNativeTarget;
			buildConfigurationList = OBJ_23 /* Build configuration list for PBXNativeTarget "MastodonSwiftTests" */;
			buildPhases = (
				OBJ_26 /* Sources */,
				OBJ_28 /* Frameworks */,
			);
			buildRules = (
			);
			dependencies = (
			);
			name = MastodonSwiftTests;
			productName = MastodonSwiftTests;
			productReference = OBJ_14 /* MastodonSwift.xctest */;
			productType = "com.apple.product-type.bundle.unit-test";
		};
/* End PBXNativeTarget section */

/* Begin PBXProject section */
		OBJ_1 /* Project object */ = {
			isa = PBXProject;
			attributes = {
				LastUpgradeCheck = 1410;
				TargetAttributes = {
					070562701EA2EBE6006E74D4 = {
						CreatedOnToolsVersion = 8.3;
						DevelopmentTeam = 857XYUU5FE;
						ProvisioningStyle = Automatic;
					};
					E90E61A71EA16B3300E2DC19 = {
						CreatedOnToolsVersion = 8.3.1;
						ProvisioningStyle = Automatic;
					};
				};
			};
			buildConfigurationList = OBJ_2 /* Build configuration list for PBXProject "MastodonSwift" */;
			compatibilityVersion = "Xcode 3.2";
			developmentRegion = en;
			hasScannedForEncodings = 0;
			knownRegions = (
				en,
				Base,
			);
			mainGroup = OBJ_5;
			productRefGroup = OBJ_12 /* Products */;
			projectDirPath = "";
			projectRoot = "";
			targets = (
				070562701EA2EBE6006E74D4 /* MastodonSwift-iOS */,
				E90E61A71EA16B3300E2DC19 /* MastodonSwift-macOS */,
				OBJ_22 /* MastodonSwiftTests */,
			);
		};
/* End PBXProject section */

/* Begin PBXResourcesBuildPhase section */
		0705626F1EA2EBE6006E74D4 /* Resources */ = {
			isa = PBXResourcesBuildPhase;
			buildActionMask = 2147483647;
			files = (
			);
			runOnlyForDeploymentPostprocessing = 0;
		};
		E90E61A61EA16B3300E2DC19 /* Resources */ = {
			isa = PBXResourcesBuildPhase;
			buildActionMask = 2147483647;
			files = (
			);
			runOnlyForDeploymentPostprocessing = 0;
		};
/* End PBXResourcesBuildPhase section */

/* Begin PBXSourcesBuildPhase section */
		0705626C1EA2EBE6006E74D4 /* Sources */ = {
			isa = PBXSourcesBuildPhase;
			buildActionMask = 2147483647;
			files = (
				0758231B1EA2EEB400C6625C /* Timelines.swift in Sources */,
				0758230A1EA2EEB400C6625C /* MastodonClient.swift in Sources */,
				0758230D1EA2EEB400C6625C /* Apps.swift in Sources */,
				075823071EA2EEB400C6625C /* Tag.swift in Sources */,
				075822FF1EA2EEB400C6625C /* Error.swift in Sources */,
				075823091EA2EEB400C6625C /* URL+OptionalString.swift in Sources */,
				075823181EA2EEB400C6625C /* Reports.swift in Sources */,
				075822FB1EA2EEB400C6625C /* Application.swift in Sources */,
				2A933737290FCA6100E855CC /* TargetType.swift in Sources */,
				0758231A1EA2EEB400C6625C /* Statuses.swift in Sources */,
				075822FD1EA2EEB400C6625C /* Card.swift in Sources */,
				075823171EA2EEB400C6625C /* OAuth.swift in Sources */,
				075822FA1EA2EEB400C6625C /* App.swift in Sources */,
				075823051EA2EEB400C6625C /* Result.swift in Sources */,
				075823001EA2EEB400C6625C /* Instance.swift in Sources */,
				2A9CA5DC29100E1F00D7FB3D /* MultipartFormData.swift in Sources */,
				2A8CAF702910207C00732D64 /* Primitive+AsString.swift in Sources */,
				075823131EA2EEB400C6625C /* Mastodon.swift in Sources */,
				075823141EA2EEB400C6625C /* Media.swift in Sources */,
				075823111EA2EEB400C6625C /* Follows.swift in Sources */,
				075823041EA2EEB400C6625C /* Report.swift in Sources */,
				075822FE1EA2EEB400C6625C /* Context.swift in Sources */,
				075823011EA2EEB400C6625C /* Mention.swift in Sources */,
				075823031EA2EEB400C6625C /* Relationship.swift in Sources */,
				075822F81EA2EEB400C6625C /* AccessToken.swift in Sources */,
				0758230C1EA2EEB400C6625C /* Accounts.swift in Sources */,
				075823191EA2EEB400C6625C /* Search.swift in Sources */,
				0758230B1EA2EEB400C6625C /* Settings.swift in Sources */,
				075823151EA2EEB400C6625C /* Mutes.swift in Sources */,
				0758230E1EA2EEB400C6625C /* Blocks.swift in Sources */,
				075823061EA2EEB400C6625C /* Status.swift in Sources */,
				B350360F1EA8C76400E59E15 /* EndpointOperator.swift in Sources */,
				0758230F1EA2EEB400C6625C /* Favourites.swift in Sources */,
				075823081EA2EEB400C6625C /* String+AsURL.swift in Sources */,
				075823021EA2EEB400C6625C /* Notification.swift in Sources */,
				075823121EA2EEB400C6625C /* Instances.swift in Sources */,
				075823101EA2EEB400C6625C /* FollowRequests.swift in Sources */,
				075823161EA2EEB400C6625C /* Notifications.swift in Sources */,
				075822F91EA2EEB400C6625C /* Account.swift in Sources */,
				075822FC1EA2EEB400C6625C /* Attachment.swift in Sources */,
			);
			runOnlyForDeploymentPostprocessing = 0;
		};
		E90E61A31EA16B3300E2DC19 /* Sources */ = {
			isa = PBXSourcesBuildPhase;
			buildActionMask = 2147483647;
			files = (
				E90E61B01EA16BC900E2DC19 /* AccessToken.swift in Sources */,
				E90E61B11EA16BC900E2DC19 /* Account.swift in Sources */,
				E90E61B21EA16BC900E2DC19 /* App.swift in Sources */,
				E90E61B31EA16BC900E2DC19 /* Application.swift in Sources */,
				E90E61B41EA16BC900E2DC19 /* Attachment.swift in Sources */,
				E90E61B51EA16BC900E2DC19 /* Card.swift in Sources */,
				E90E61B61EA16BC900E2DC19 /* Context.swift in Sources */,
				E90E61B71EA16BC900E2DC19 /* Error.swift in Sources */,
				2A933738290FCA6100E855CC /* TargetType.swift in Sources */,
				E90E61B81EA16BC900E2DC19 /* Instance.swift in Sources */,
				E90E61B91EA16BC900E2DC19 /* Mention.swift in Sources */,
				E90E61BA1EA16BC900E2DC19 /* Notification.swift in Sources */,
				E90E61BB1EA16BC900E2DC19 /* Relationship.swift in Sources */,
				E90E61BC1EA16BC900E2DC19 /* Report.swift in Sources */,
				E90E61BD1EA16BC900E2DC19 /* Result.swift in Sources */,
				2A9CA5DD29100E1F00D7FB3D /* MultipartFormData.swift in Sources */,
				2A8CAF712910207C00732D64 /* Primitive+AsString.swift in Sources */,
				E90E61BE1EA16BC900E2DC19 /* Status.swift in Sources */,
				E90E61BF1EA16BC900E2DC19 /* Tag.swift in Sources */,
				E90E61C01EA16BC900E2DC19 /* String+AsURL.swift in Sources */,
				E90E61C11EA16BC900E2DC19 /* URL+OptionalString.swift in Sources */,
				E90E61C21EA16BC900E2DC19 /* MastodonClient.swift in Sources */,
				E90E61C31EA16BC900E2DC19 /* Settings.swift in Sources */,
				E90E61C41EA16BC900E2DC19 /* Accounts.swift in Sources */,
				E90E61C51EA16BC900E2DC19 /* Apps.swift in Sources */,
				E90E61C61EA16BC900E2DC19 /* Blocks.swift in Sources */,
				E90E61C71EA16BC900E2DC19 /* Favourites.swift in Sources */,
				E90E61C81EA16BC900E2DC19 /* FollowRequests.swift in Sources */,
				E90E61C91EA16BC900E2DC19 /* Follows.swift in Sources */,
				E90E61CA1EA16BC900E2DC19 /* Instances.swift in Sources */,
				E90E61CB1EA16BC900E2DC19 /* Mastodon.swift in Sources */,
				B35036101EA8C76400E59E15 /* EndpointOperator.swift in Sources */,
				E90E61CC1EA16BC900E2DC19 /* Media.swift in Sources */,
				E90E61CD1EA16BC900E2DC19 /* Mutes.swift in Sources */,
				E90E61CE1EA16BC900E2DC19 /* Notifications.swift in Sources */,
				E90E61CF1EA16BC900E2DC19 /* OAuth.swift in Sources */,
				E90E61D01EA16BC900E2DC19 /* Reports.swift in Sources */,
				E90E61D11EA16BC900E2DC19 /* Search.swift in Sources */,
				E90E61D21EA16BC900E2DC19 /* Statuses.swift in Sources */,
				E90E61D31EA16BC900E2DC19 /* Timelines.swift in Sources */,
			);
			runOnlyForDeploymentPostprocessing = 0;
		};
		OBJ_26 /* Sources */ = {
			isa = PBXSourcesBuildPhase;
			buildActionMask = 0;
			files = (
				OBJ_27 /* MastodonSwiftTests.swift in Sources */,
			);
			runOnlyForDeploymentPostprocessing = 0;
		};
/* End PBXSourcesBuildPhase section */

/* Begin XCBuildConfiguration section */
		070562771EA2EBE6006E74D4 /* Debug */ = {
			isa = XCBuildConfiguration;
			buildSettings = {
				ALWAYS_SEARCH_USER_PATHS = NO;
				CLANG_ANALYZER_NONNULL = YES;
				CLANG_ANALYZER_NUMBER_OBJECT_CONVERSION = YES_AGGRESSIVE;
				CLANG_CXX_LANGUAGE_STANDARD = "gnu++0x";
				CLANG_CXX_LIBRARY = "libc++";
				CLANG_ENABLE_MODULES = YES;
				CLANG_WARN_BOOL_CONVERSION = YES;
				CLANG_WARN_CONSTANT_CONVERSION = YES;
				CLANG_WARN_DIRECT_OBJC_ISA_USAGE = YES_ERROR;
				CLANG_WARN_DOCUMENTATION_COMMENTS = YES;
				CLANG_WARN_EMPTY_BODY = YES;
				CLANG_WARN_ENUM_CONVERSION = YES;
				CLANG_WARN_INFINITE_RECURSION = YES;
				CLANG_WARN_INT_CONVERSION = YES;
				CLANG_WARN_OBJC_ROOT_CLASS = YES_ERROR;
				CLANG_WARN_SUSPICIOUS_MOVE = YES;
				CLANG_WARN_UNREACHABLE_CODE = YES;
				CLANG_WARN__DUPLICATE_METHOD_MATCH = YES;
				CODE_SIGN_IDENTITY = "-";
				COMBINE_HIDPI_IMAGES = YES;
				CURRENT_PROJECT_VERSION = 1;
				DEFINES_MODULE = YES;
				DEVELOPMENT_TEAM = 857XYUU5FE;
				DYLIB_COMPATIBILITY_VERSION = 1;
				DYLIB_CURRENT_VERSION = 1;
				DYLIB_INSTALL_NAME_BASE = "@rpath";
				ENABLE_STRICT_OBJC_MSGSEND = YES;
				ENABLE_TESTABILITY = YES;
				FRAMEWORK_VERSION = A;
				GCC_C_LANGUAGE_STANDARD = gnu99;
				GCC_DYNAMIC_NO_PIC = NO;
				GCC_NO_COMMON_BLOCKS = YES;
				GCC_PREPROCESSOR_DEFINITIONS = (
					"DEBUG=1",
					"$(inherited)",
				);
				GCC_WARN_64_TO_32_BIT_CONVERSION = YES;
				GCC_WARN_ABOUT_RETURN_TYPE = YES_ERROR;
				GCC_WARN_UNDECLARED_SELECTOR = YES;
				GCC_WARN_UNINITIALIZED_AUTOS = YES_AGGRESSIVE;
				GCC_WARN_UNUSED_FUNCTION = YES;
				GCC_WARN_UNUSED_VARIABLE = YES;
				INFOPLIST_FILE = "MastodonSwift-iOS/Info.plist";
				INSTALL_PATH = "$(LOCAL_LIBRARY_DIR)/Frameworks";
				LD_RUNPATH_SEARCH_PATHS = "$(inherited) @executable_path/../Frameworks @loader_path/Frameworks";
				MACOSX_DEPLOYMENT_TARGET = "$(RECOMMENDED_MACOSX_DEPLOYMENT_TARGET)";
				MTL_ENABLE_DEBUG_INFO = YES;
				SDKROOT = iphoneos;
				SKIP_INSTALL = YES;
				SWIFT_ACTIVE_COMPILATION_CONDITIONS = DEBUG;
				SWIFT_VERSION = 5.0;
				VERSIONING_SYSTEM = "apple-generic";
				VERSION_INFO_PREFIX = "";
			};
			name = Debug;
		};
		070562781EA2EBE6006E74D4 /* Release */ = {
			isa = XCBuildConfiguration;
			buildSettings = {
				ALWAYS_SEARCH_USER_PATHS = NO;
				CLANG_ANALYZER_NONNULL = YES;
				CLANG_ANALYZER_NUMBER_OBJECT_CONVERSION = YES_AGGRESSIVE;
				CLANG_CXX_LANGUAGE_STANDARD = "gnu++0x";
				CLANG_CXX_LIBRARY = "libc++";
				CLANG_ENABLE_MODULES = YES;
				CLANG_WARN_BOOL_CONVERSION = YES;
				CLANG_WARN_CONSTANT_CONVERSION = YES;
				CLANG_WARN_DIRECT_OBJC_ISA_USAGE = YES_ERROR;
				CLANG_WARN_DOCUMENTATION_COMMENTS = YES;
				CLANG_WARN_EMPTY_BODY = YES;
				CLANG_WARN_ENUM_CONVERSION = YES;
				CLANG_WARN_INFINITE_RECURSION = YES;
				CLANG_WARN_INT_CONVERSION = YES;
				CLANG_WARN_OBJC_ROOT_CLASS = YES_ERROR;
				CLANG_WARN_SUSPICIOUS_MOVE = YES;
				CLANG_WARN_UNREACHABLE_CODE = YES;
				CLANG_WARN__DUPLICATE_METHOD_MATCH = YES;
				CODE_SIGN_IDENTITY = "-";
				COMBINE_HIDPI_IMAGES = YES;
				COPY_PHASE_STRIP = NO;
				CURRENT_PROJECT_VERSION = 1;
				DEFINES_MODULE = YES;
				DEVELOPMENT_TEAM = 857XYUU5FE;
				DYLIB_COMPATIBILITY_VERSION = 1;
				DYLIB_CURRENT_VERSION = 1;
				DYLIB_INSTALL_NAME_BASE = "@rpath";
				ENABLE_NS_ASSERTIONS = NO;
				ENABLE_STRICT_OBJC_MSGSEND = YES;
				FRAMEWORK_VERSION = A;
				GCC_C_LANGUAGE_STANDARD = gnu99;
				GCC_NO_COMMON_BLOCKS = YES;
				GCC_WARN_64_TO_32_BIT_CONVERSION = YES;
				GCC_WARN_ABOUT_RETURN_TYPE = YES_ERROR;
				GCC_WARN_UNDECLARED_SELECTOR = YES;
				GCC_WARN_UNINITIALIZED_AUTOS = YES_AGGRESSIVE;
				GCC_WARN_UNUSED_FUNCTION = YES;
				GCC_WARN_UNUSED_VARIABLE = YES;
				INFOPLIST_FILE = "MastodonSwift-iOS/Info.plist";
				INSTALL_PATH = "$(LOCAL_LIBRARY_DIR)/Frameworks";
				LD_RUNPATH_SEARCH_PATHS = "$(inherited) @executable_path/../Frameworks @loader_path/Frameworks";
				MACOSX_DEPLOYMENT_TARGET = "$(RECOMMENDED_MACOSX_DEPLOYMENT_TARGET)";
				MTL_ENABLE_DEBUG_INFO = NO;
				SDKROOT = iphoneos;
				SKIP_INSTALL = YES;
				SWIFT_VERSION = 5.0;
				VERSIONING_SYSTEM = "apple-generic";
				VERSION_INFO_PREFIX = "";
			};
			name = Release;
		};
		E90E61AE1EA16B3300E2DC19 /* Debug */ = {
			isa = XCBuildConfiguration;
			buildSettings = {
				ALWAYS_SEARCH_USER_PATHS = NO;
				CLANG_ANALYZER_NONNULL = YES;
				CLANG_ANALYZER_NUMBER_OBJECT_CONVERSION = YES_AGGRESSIVE;
				CLANG_CXX_LANGUAGE_STANDARD = "gnu++0x";
				CLANG_CXX_LIBRARY = "libc++";
				CLANG_ENABLE_MODULES = YES;
				CLANG_WARN_BOOL_CONVERSION = YES;
				CLANG_WARN_CONSTANT_CONVERSION = YES;
				CLANG_WARN_DIRECT_OBJC_ISA_USAGE = YES_ERROR;
				CLANG_WARN_DOCUMENTATION_COMMENTS = YES;
				CLANG_WARN_EMPTY_BODY = YES;
				CLANG_WARN_ENUM_CONVERSION = YES;
				CLANG_WARN_INFINITE_RECURSION = YES;
				CLANG_WARN_INT_CONVERSION = YES;
				CLANG_WARN_OBJC_ROOT_CLASS = YES_ERROR;
				CLANG_WARN_SUSPICIOUS_MOVE = YES;
				CLANG_WARN_UNREACHABLE_CODE = YES;
				CLANG_WARN__DUPLICATE_METHOD_MATCH = YES;
				CODE_SIGN_IDENTITY = "-";
				COMBINE_HIDPI_IMAGES = YES;
				CURRENT_PROJECT_VERSION = 1;
				DEAD_CODE_STRIPPING = YES;
				DEFINES_MODULE = YES;
				DYLIB_COMPATIBILITY_VERSION = 1;
				DYLIB_CURRENT_VERSION = 1;
				DYLIB_INSTALL_NAME_BASE = "@rpath";
				ENABLE_STRICT_OBJC_MSGSEND = YES;
				ENABLE_TESTABILITY = YES;
				FRAMEWORK_VERSION = A;
				GCC_C_LANGUAGE_STANDARD = gnu99;
				GCC_DYNAMIC_NO_PIC = NO;
				GCC_NO_COMMON_BLOCKS = YES;
				GCC_PREPROCESSOR_DEFINITIONS = (
					"DEBUG=1",
					"$(inherited)",
				);
				GCC_WARN_64_TO_32_BIT_CONVERSION = YES;
				GCC_WARN_ABOUT_RETURN_TYPE = YES_ERROR;
				GCC_WARN_UNDECLARED_SELECTOR = YES;
				GCC_WARN_UNINITIALIZED_AUTOS = YES_AGGRESSIVE;
				GCC_WARN_UNUSED_FUNCTION = YES;
				GCC_WARN_UNUSED_VARIABLE = YES;
				INFOPLIST_FILE = "$(SRCROOT)/MastodonSwift-macOS/Info.plist";
				INSTALL_PATH = "$(LOCAL_LIBRARY_DIR)/Frameworks";
				LD_RUNPATH_SEARCH_PATHS = "$(inherited) @executable_path/../Frameworks @loader_path/Frameworks";
				MACOSX_DEPLOYMENT_TARGET = "$(RECOMMENDED_MACOSX_DEPLOYMENT_TARGET)";
				MTL_ENABLE_DEBUG_INFO = YES;
				SDKROOT = macosx;
				SKIP_INSTALL = YES;
				SWIFT_ACTIVE_COMPILATION_CONDITIONS = DEBUG;
				SWIFT_VERSION = 5.0;
				VERSIONING_SYSTEM = "apple-generic";
				VERSION_INFO_PREFIX = "";
			};
			name = Debug;
		};
		E90E61AF1EA16B3300E2DC19 /* Release */ = {
			isa = XCBuildConfiguration;
			buildSettings = {
				ALWAYS_SEARCH_USER_PATHS = NO;
				CLANG_ANALYZER_NONNULL = YES;
				CLANG_ANALYZER_NUMBER_OBJECT_CONVERSION = YES_AGGRESSIVE;
				CLANG_CXX_LANGUAGE_STANDARD = "gnu++0x";
				CLANG_CXX_LIBRARY = "libc++";
				CLANG_ENABLE_MODULES = YES;
				CLANG_WARN_BOOL_CONVERSION = YES;
				CLANG_WARN_CONSTANT_CONVERSION = YES;
				CLANG_WARN_DIRECT_OBJC_ISA_USAGE = YES_ERROR;
				CLANG_WARN_DOCUMENTATION_COMMENTS = YES;
				CLANG_WARN_EMPTY_BODY = YES;
				CLANG_WARN_ENUM_CONVERSION = YES;
				CLANG_WARN_INFINITE_RECURSION = YES;
				CLANG_WARN_INT_CONVERSION = YES;
				CLANG_WARN_OBJC_ROOT_CLASS = YES_ERROR;
				CLANG_WARN_SUSPICIOUS_MOVE = YES;
				CLANG_WARN_UNREACHABLE_CODE = YES;
				CLANG_WARN__DUPLICATE_METHOD_MATCH = YES;
				CODE_SIGN_IDENTITY = "-";
				COMBINE_HIDPI_IMAGES = YES;
				COPY_PHASE_STRIP = NO;
				CURRENT_PROJECT_VERSION = 1;
				DEAD_CODE_STRIPPING = YES;
				DEFINES_MODULE = YES;
				DYLIB_COMPATIBILITY_VERSION = 1;
				DYLIB_CURRENT_VERSION = 1;
				DYLIB_INSTALL_NAME_BASE = "@rpath";
				ENABLE_NS_ASSERTIONS = NO;
				ENABLE_STRICT_OBJC_MSGSEND = YES;
				FRAMEWORK_VERSION = A;
				GCC_C_LANGUAGE_STANDARD = gnu99;
				GCC_NO_COMMON_BLOCKS = YES;
				GCC_WARN_64_TO_32_BIT_CONVERSION = YES;
				GCC_WARN_ABOUT_RETURN_TYPE = YES_ERROR;
				GCC_WARN_UNDECLARED_SELECTOR = YES;
				GCC_WARN_UNINITIALIZED_AUTOS = YES_AGGRESSIVE;
				GCC_WARN_UNUSED_FUNCTION = YES;
				GCC_WARN_UNUSED_VARIABLE = YES;
				INFOPLIST_FILE = "$(SRCROOT)/MastodonSwift-macOS/Info.plist";
				INSTALL_PATH = "$(LOCAL_LIBRARY_DIR)/Frameworks";
				LD_RUNPATH_SEARCH_PATHS = "$(inherited) @executable_path/../Frameworks @loader_path/Frameworks";
				MACOSX_DEPLOYMENT_TARGET = "$(RECOMMENDED_MACOSX_DEPLOYMENT_TARGET)";
				MTL_ENABLE_DEBUG_INFO = NO;
				SDKROOT = macosx;
				SKIP_INSTALL = YES;
				SWIFT_VERSION = 5.0;
				VERSIONING_SYSTEM = "apple-generic";
				VERSION_INFO_PREFIX = "";
			};
			name = Release;
		};
		OBJ_24 /* Debug */ = {
			isa = XCBuildConfiguration;
			buildSettings = {
				ALWAYS_EMBED_SWIFT_STANDARD_LIBRARIES = YES;
				DEAD_CODE_STRIPPING = YES;
				FRAMEWORK_SEARCH_PATHS = (
					"$(inherited)",
					"$(PLATFORM_DIR)/Developer/Library/Frameworks",
				);
				HEADER_SEARCH_PATHS = "$(inherited)";
				INFOPLIST_FILE = MastodonSwift.xcodeproj/MastodonSwiftTests_Info.plist;
				LD_RUNPATH_SEARCH_PATHS = "@loader_path/../Frameworks @loader_path/Frameworks";
				MACOSX_DEPLOYMENT_TARGET = "$(RECOMMENDED_MACOSX_DEPLOYMENT_TARGET)";
				OTHER_LDFLAGS = "$(inherited)";
				OTHER_SWIFT_FLAGS = "$(inherited)";
				SWIFT_VERSION = 5.0;
				TARGET_NAME = MastodonSwiftTests;
			};
			name = Debug;
		};
		OBJ_25 /* Release */ = {
			isa = XCBuildConfiguration;
			buildSettings = {
				ALWAYS_EMBED_SWIFT_STANDARD_LIBRARIES = YES;
				DEAD_CODE_STRIPPING = YES;
				FRAMEWORK_SEARCH_PATHS = (
					"$(inherited)",
					"$(PLATFORM_DIR)/Developer/Library/Frameworks",
				);
				HEADER_SEARCH_PATHS = "$(inherited)";
				INFOPLIST_FILE = MastodonSwift.xcodeproj/MastodonSwiftTests_Info.plist;
				LD_RUNPATH_SEARCH_PATHS = "@loader_path/../Frameworks @loader_path/Frameworks";
				MACOSX_DEPLOYMENT_TARGET = "$(RECOMMENDED_MACOSX_DEPLOYMENT_TARGET)";
				OTHER_LDFLAGS = "$(inherited)";
				OTHER_SWIFT_FLAGS = "$(inherited)";
				SWIFT_VERSION = 5.0;
				TARGET_NAME = MastodonSwiftTests;
			};
			name = Release;
		};
		OBJ_3 /* Debug */ = {
			isa = XCBuildConfiguration;
			buildSettings = {
				CLANG_ANALYZER_LOCALIZABILITY_NONLOCALIZED = YES;
				CLANG_ENABLE_OBJC_ARC = YES;
				CLANG_WARN_BLOCK_CAPTURE_AUTORELEASING = YES;
				CLANG_WARN_BOOL_CONVERSION = YES;
				CLANG_WARN_COMMA = YES;
				CLANG_WARN_CONSTANT_CONVERSION = YES;
				CLANG_WARN_DEPRECATED_OBJC_IMPLEMENTATIONS = YES;
				CLANG_WARN_EMPTY_BODY = YES;
				CLANG_WARN_ENUM_CONVERSION = YES;
				CLANG_WARN_INFINITE_RECURSION = YES;
				CLANG_WARN_INT_CONVERSION = YES;
				CLANG_WARN_NON_LITERAL_NULL_CONVERSION = YES;
				CLANG_WARN_OBJC_IMPLICIT_RETAIN_SELF = YES;
				CLANG_WARN_OBJC_LITERAL_CONVERSION = YES;
				CLANG_WARN_QUOTED_INCLUDE_IN_FRAMEWORK_HEADER = YES;
				CLANG_WARN_RANGE_LOOP_ANALYSIS = YES;
				CLANG_WARN_STRICT_PROTOTYPES = YES;
				CLANG_WARN_SUSPICIOUS_MOVE = YES;
				CLANG_WARN_UNREACHABLE_CODE = YES;
				CLANG_WARN__DUPLICATE_METHOD_MATCH = YES;
				COMBINE_HIDPI_IMAGES = YES;
				COPY_PHASE_STRIP = NO;
				DEAD_CODE_STRIPPING = YES;
				DEBUG_INFORMATION_FORMAT = dwarf;
				DYLIB_INSTALL_NAME_BASE = "@rpath";
				ENABLE_NS_ASSERTIONS = YES;
				ENABLE_STRICT_OBJC_MSGSEND = YES;
				ENABLE_TESTABILITY = YES;
				GCC_NO_COMMON_BLOCKS = YES;
				GCC_OPTIMIZATION_LEVEL = 0;
				GCC_WARN_64_TO_32_BIT_CONVERSION = YES;
				GCC_WARN_ABOUT_RETURN_TYPE = YES;
				GCC_WARN_UNDECLARED_SELECTOR = YES;
				GCC_WARN_UNINITIALIZED_AUTOS = YES;
				GCC_WARN_UNUSED_FUNCTION = YES;
				GCC_WARN_UNUSED_VARIABLE = YES;
				MACOSX_DEPLOYMENT_TARGET = 10.10;
				ONLY_ACTIVE_ARCH = YES;
				OTHER_SWIFT_FLAGS = "-DXcode";
				PRODUCT_BUNDLE_IDENTIFIER = io.kida.MastodonSwift;
				PRODUCT_NAME = MastodonSwift;
				SWIFT_ACTIVE_COMPILATION_CONDITIONS = SWIFT_PACKAGE;
				SWIFT_OPTIMIZATION_LEVEL = "-Onone";
				SWIFT_VERSION = 3.0;
				USE_HEADERMAP = NO;
			};
			name = Debug;
		};
		OBJ_4 /* Release */ = {
			isa = XCBuildConfiguration;
			buildSettings = {
				CLANG_ANALYZER_LOCALIZABILITY_NONLOCALIZED = YES;
				CLANG_ENABLE_OBJC_ARC = YES;
				CLANG_WARN_BLOCK_CAPTURE_AUTORELEASING = YES;
				CLANG_WARN_BOOL_CONVERSION = YES;
				CLANG_WARN_COMMA = YES;
				CLANG_WARN_CONSTANT_CONVERSION = YES;
				CLANG_WARN_DEPRECATED_OBJC_IMPLEMENTATIONS = YES;
				CLANG_WARN_EMPTY_BODY = YES;
				CLANG_WARN_ENUM_CONVERSION = YES;
				CLANG_WARN_INFINITE_RECURSION = YES;
				CLANG_WARN_INT_CONVERSION = YES;
				CLANG_WARN_NON_LITERAL_NULL_CONVERSION = YES;
				CLANG_WARN_OBJC_IMPLICIT_RETAIN_SELF = YES;
				CLANG_WARN_OBJC_LITERAL_CONVERSION = YES;
				CLANG_WARN_QUOTED_INCLUDE_IN_FRAMEWORK_HEADER = YES;
				CLANG_WARN_RANGE_LOOP_ANALYSIS = YES;
				CLANG_WARN_STRICT_PROTOTYPES = YES;
				CLANG_WARN_SUSPICIOUS_MOVE = YES;
				CLANG_WARN_UNREACHABLE_CODE = YES;
				CLANG_WARN__DUPLICATE_METHOD_MATCH = YES;
				COMBINE_HIDPI_IMAGES = YES;
				COPY_PHASE_STRIP = YES;
				DEAD_CODE_STRIPPING = YES;
				DEBUG_INFORMATION_FORMAT = "dwarf-with-dsym";
				DYLIB_INSTALL_NAME_BASE = "@rpath";
				ENABLE_STRICT_OBJC_MSGSEND = YES;
				GCC_NO_COMMON_BLOCKS = YES;
				GCC_OPTIMIZATION_LEVEL = s;
				GCC_WARN_64_TO_32_BIT_CONVERSION = YES;
				GCC_WARN_ABOUT_RETURN_TYPE = YES;
				GCC_WARN_UNDECLARED_SELECTOR = YES;
				GCC_WARN_UNINITIALIZED_AUTOS = YES;
				GCC_WARN_UNUSED_FUNCTION = YES;
				GCC_WARN_UNUSED_VARIABLE = YES;
				MACOSX_DEPLOYMENT_TARGET = 10.10;
				OTHER_SWIFT_FLAGS = "-DXcode";
				PRODUCT_BUNDLE_IDENTIFIER = io.kida.MastodonSwift;
				PRODUCT_NAME = MastodonSwift;
				SWIFT_ACTIVE_COMPILATION_CONDITIONS = SWIFT_PACKAGE;
				SWIFT_OPTIMIZATION_LEVEL = "-Owholemodule";
				SWIFT_VERSION = 3.0;
				USE_HEADERMAP = NO;
			};
			name = Release;
		};
/* End XCBuildConfiguration section */

/* Begin XCConfigurationList section */
		070562761EA2EBE6006E74D4 /* Build configuration list for PBXNativeTarget "MastodonSwift-iOS" */ = {
			isa = XCConfigurationList;
			buildConfigurations = (
				070562771EA2EBE6006E74D4 /* Debug */,
				070562781EA2EBE6006E74D4 /* Release */,
			);
			defaultConfigurationIsVisible = 0;
			defaultConfigurationName = Debug;
		};
		E90E61AD1EA16B3300E2DC19 /* Build configuration list for PBXNativeTarget "MastodonSwift-macOS" */ = {
			isa = XCConfigurationList;
			buildConfigurations = (
				E90E61AE1EA16B3300E2DC19 /* Debug */,
				E90E61AF1EA16B3300E2DC19 /* Release */,
			);
			defaultConfigurationIsVisible = 0;
			defaultConfigurationName = Debug;
		};
		OBJ_2 /* Build configuration list for PBXProject "MastodonSwift" */ = {
			isa = XCConfigurationList;
			buildConfigurations = (
				OBJ_3 /* Debug */,
				OBJ_4 /* Release */,
			);
			defaultConfigurationIsVisible = 0;
			defaultConfigurationName = Debug;
		};
		OBJ_23 /* Build configuration list for PBXNativeTarget "MastodonSwiftTests" */ = {
			isa = XCConfigurationList;
			buildConfigurations = (
				OBJ_24 /* Debug */,
				OBJ_25 /* Release */,
			);
			defaultConfigurationIsVisible = 0;
			defaultConfigurationName = Debug;
		};
/* End XCConfigurationList section */
	};
	rootObject = OBJ_1 /* Project object */;
}
